
Microsoft Visual Studio Solution File, Format Version 12.00
# Visual Studio Version 17
VisualStudioVersion = 17.2.32602.215
MinimumVisualStudioVersion = 10.0.40219.1
Project("{FAE04EC0-301F-11D3-BF4B-00C04F79EFBC}") = "BlazorSignalRSimpleApp", "BlazorSignalRSimpleApp\BlazorSignalRSimpleApp.csproj", "{82B2C4FF-B9EB-467B-A9A6-4F971D27066F}"
EndProject
Global
	GlobalSection(SolutionConfigurationPlatforms) = preSolution
		Debug|Any CPU = Debug|Any CPU
		Release|Any CPU = Release|Any CPU
	EndGlobalSection
	GlobalSection(ProjectConfigurationPlatforms) = postSolution
		{82B2C4FF-B9EB-467B-A9A6-4F971D27066F}.Debug|Any CPU.ActiveCfg = Debug|Any CPU
		{82B2C4FF-B9EB-467B-A9A6-4F971D27066F}.Debug|Any CPU.Build.0 = Debug|Any CPU
		{82B2C4FF-B9EB-467B-A9A6-4F971D27066F}.Release|Any CPU.ActiveCfg = Release|Any CPU
		{82B2C4FF-B9EB-467B-A9A6-4F971D27066F}.Release|Any CPU.Build.0 = Release|Any CPU
	EndGlobalSection
	GlobalSection(SolutionProperties) = preSolution
		HideSolutionNode = FALSE
	EndGlobalSection
	GlobalSection(ExtensibilityGlobals) = postSolution
		SolutionGuid = {7B109B2E-CBAB-4098-89ED-D052659A6729}
	EndGlobalSection
EndGlobal
